
Microsoft Visual Studio Solution File, Format Version 12.00
# Visual Studio Version 16
VisualStudioVersion = 16.0.29424.173
MinimumVisualStudioVersion = 10.0.40219.1
Project("{FAE04EC0-301F-11D3-BF4B-00C04F79EFBC}") = "Exercicio 4 Jogo do Galo", "Exercicio 4 Jogo do Galo.csproj", "{5CF44D60-0C80-49CC-BDEC-904FD77CBC12}"
EndProject
Global
	GlobalSection(SolutionConfigurationPlatforms) = preSolution
		Debug|Any CPU = Debug|Any CPU
		Release|Any CPU = Release|Any CPU
	EndGlobalSection
	GlobalSection(ProjectConfigurationPlatforms) = postSolution
		{5CF44D60-0C80-49CC-BDEC-904FD77CBC12}.Debug|Any CPU.ActiveCfg = Debug|Any CPU
		{5CF44D60-0C80-49CC-BDEC-904FD77CBC12}.Debug|Any CPU.Build.0 = Debug|Any CPU
		{5CF44D60-0C80-49CC-BDEC-904FD77CBC12}.Release|Any CPU.ActiveCfg = Release|Any CPU
		{5CF44D60-0C80-49CC-BDEC-904FD77CBC12}.Release|Any CPU.Build.0 = Release|Any CPU
	EndGlobalSection
	GlobalSection(SolutionProperties) = preSolution
		HideSolutionNode = FALSE
	EndGlobalSection
	GlobalSection(ExtensibilityGlobals) = postSolution
		SolutionGuid = {FD6EB5B1-8FAD-4533-9EB0-950F2695883C}
	EndGlobalSection
EndGlobal
